
Microsoft Visual Studio Solution File, Format Version 12.00
# Visual Studio 15
VisualStudioVersion = 15.0.27130.2036
MinimumVisualStudioVersion = 10.0.40219.1
Project("{FAE04EC0-301F-11D3-BF4B-00C04F79EFBC}") = "SerialHostControllerV2", "SerialHostControllerV2\SerialHostControllerV2.csproj", "{D71D6933-A3D7-4BEF-9D81-A4B4C7229F7D}"
EndProject
Global
	GlobalSection(SolutionConfigurationPlatforms) = preSolution
		Debug|Any CPU = Debug|Any CPU
		Release|Any CPU = Release|Any CPU
	EndGlobalSection
	GlobalSection(ProjectConfigurationPlatforms) = postSolution
		{D71D6933-A3D7-4BEF-9D81-A4B4C7229F7D}.Debug|Any CPU.ActiveCfg = Debug|Any CPU
		{D71D6933-A3D7-4BEF-9D81-A4B4C7229F7D}.Debug|Any CPU.Build.0 = Debug|Any CPU
		{D71D6933-A3D7-4BEF-9D81-A4B4C7229F7D}.Release|Any CPU.ActiveCfg = Release|Any CPU
		{D71D6933-A3D7-4BEF-9D81-A4B4C7229F7D}.Release|Any CPU.Build.0 = Release|Any CPU
	EndGlobalSection
	GlobalSection(SolutionProperties) = preSolution
		HideSolutionNode = FALSE
	EndGlobalSection
	GlobalSection(ExtensibilityGlobals) = postSolution
		SolutionGuid = {834884C0-06DD-4C4A-86F5-B2BE9AC85E8F}
	EndGlobalSection
EndGlobal
