
Microsoft Visual Studio Solution File, Format Version 12.00
# Visual Studio 15
VisualStudioVersion = 15.0.27130.2026
MinimumVisualStudioVersion = 10.0.40219.1
Project("{FAE04EC0-301F-11D3-BF4B-00C04F79EFBC}") = "MultiThreadedSerialIO", "MultiThreadedSerialIO.csproj", "{6B55DAE8-DF2A-4430-B29D-3C67A612ACC0}"
EndProject
Global
	GlobalSection(SolutionConfigurationPlatforms) = preSolution
		Debug|Any CPU = Debug|Any CPU
		Release|Any CPU = Release|Any CPU
	EndGlobalSection
	GlobalSection(ProjectConfigurationPlatforms) = postSolution
		{6B55DAE8-DF2A-4430-B29D-3C67A612ACC0}.Debug|Any CPU.ActiveCfg = Debug|Any CPU
		{6B55DAE8-DF2A-4430-B29D-3C67A612ACC0}.Debug|Any CPU.Build.0 = Debug|Any CPU
		{6B55DAE8-DF2A-4430-B29D-3C67A612ACC0}.Release|Any CPU.ActiveCfg = Release|Any CPU
		{6B55DAE8-DF2A-4430-B29D-3C67A612ACC0}.Release|Any CPU.Build.0 = Release|Any CPU
	EndGlobalSection
	GlobalSection(SolutionProperties) = preSolution
		HideSolutionNode = FALSE
	EndGlobalSection
	GlobalSection(ExtensibilityGlobals) = postSolution
		SolutionGuid = {D5B04F27-AA39-4B7B-87CA-F4D86FD598DB}
	EndGlobalSection
EndGlobal
